
Microsoft Visual Studio Solution File, Format Version 12.00
# Visual Studio Version 16
VisualStudioVersion = 16.0.30413.136
MinimumVisualStudioVersion = 10.0.40219.1
Project("{FAE04EC0-301F-11D3-BF4B-00C04F79EFBC}") = "App1", "App1\App1.csproj", "{1952A49C-C459-4812-A318-20EA474C293E}"
EndProject
Project("{FAE04EC0-301F-11D3-BF4B-00C04F79EFBC}") = "SharedLibrary", "SharedLibrary\SharedLibrary.csproj", "{9BDB3A58-6EB9-40AA-A527-3AD43F570FAA}"
EndProject
Global
	GlobalSection(SolutionConfigurationPlatforms) = preSolution
		Debug|Any CPU = Debug|Any CPU
		Debug|ARM = Debug|ARM
		Debug|ARM64 = Debug|ARM64
		Debug|x64 = Debug|x64
		Debug|x86 = Debug|x86
		Release|Any CPU = Release|Any CPU
		Release|ARM = Release|ARM
		Release|ARM64 = Release|ARM64
		Release|x64 = Release|x64
		Release|x86 = Release|x86
	EndGlobalSection
	GlobalSection(ProjectConfigurationPlatforms) = postSolution
		{1952A49C-C459-4812-A318-20EA474C293E}.Debug|Any CPU.ActiveCfg = Debug|x86
		{1952A49C-C459-4812-A318-20EA474C293E}.Debug|ARM.ActiveCfg = Debug|ARM
		{1952A49C-C459-4812-A318-20EA474C293E}.Debug|ARM.Build.0 = Debug|ARM
		{1952A49C-C459-4812-A318-20EA474C293E}.Debug|ARM.Deploy.0 = Debug|ARM
		{1952A49C-C459-4812-A318-20EA474C293E}.Debug|ARM64.ActiveCfg = Debug|ARM64
		{1952A49C-C459-4812-A318-20EA474C293E}.Debug|ARM64.Build.0 = Debug|ARM64
		{1952A49C-C459-4812-A318-20EA474C293E}.Debug|ARM64.Deploy.0 = Debug|ARM64
		{1952A49C-C459-4812-A318-20EA474C293E}.Debug|x64.ActiveCfg = Debug|x64
		{1952A49C-C459-4812-A318-20EA474C293E}.Debug|x64.Build.0 = Debug|x64
		{1952A49C-C459-4812-A318-20EA474C293E}.Debug|x64.Deploy.0 = Debug|x64
		{1952A49C-C459-4812-A318-20EA474C293E}.Debug|x86.ActiveCfg = Debug|x86
		{1952A49C-C459-4812-A318-20EA474C293E}.Debug|x86.Build.0 = Debug|x86
		{1952A49C-C459-4812-A318-20EA474C293E}.Debug|x86.Deploy.0 = Debug|x86
		{1952A49C-C459-4812-A318-20EA474C293E}.Release|Any CPU.ActiveCfg = Release|x86
		{1952A49C-C459-4812-A318-20EA474C293E}.Release|ARM.ActiveCfg = Release|ARM
		{1952A49C-C459-4812-A318-20EA474C293E}.Release|ARM.Build.0 = Release|ARM
		{1952A49C-C459-4812-A318-20EA474C293E}.Release|ARM.Deploy.0 = Release|ARM
		{1952A49C-C459-4812-A318-20EA474C293E}.Release|ARM64.ActiveCfg = Release|ARM64
		{1952A49C-C459-4812-A318-20EA474C293E}.Release|ARM64.Build.0 = Release|ARM64
		{1952A49C-C459-4812-A318-20EA474C293E}.Release|ARM64.Deploy.0 = Release|ARM64
		{1952A49C-C459-4812-A318-20EA474C293E}.Release|x64.ActiveCfg = Release|x64
		{1952A49C-C459-4812-A318-20EA474C293E}.Release|x64.Build.0 = Release|x64
		{1952A49C-C459-4812-A318-20EA474C293E}.Release|x64.Deploy.0 = Release|x64
		{1952A49C-C459-4812-A318-20EA474C293E}.Release|x86.ActiveCfg = Release|x86
		{1952A49C-C459-4812-A318-20EA474C293E}.Release|x86.Build.0 = Release|x86
		{1952A49C-C459-4812-A318-20EA474C293E}.Release|x86.Deploy.0 = Release|x86
		{9BDB3A58-6EB9-40AA-A527-3AD43F570FAA}.Debug|Any CPU.ActiveCfg = Debug|Any CPU
		{9BDB3A58-6EB9-40AA-A527-3AD43F570FAA}.Debug|Any CPU.Build.0 = Debug|Any CPU
		{9BDB3A58-6EB9-40AA-A527-3AD43F570FAA}.Debug|ARM.ActiveCfg = Debug|ARM
		{9BDB3A58-6EB9-40AA-A527-3AD43F570FAA}.Debug|ARM.Build.0 = Debug|ARM
		{9BDB3A58-6EB9-40AA-A527-3AD43F570FAA}.Debug|ARM64.ActiveCfg = Debug|ARM64
		{9BDB3A58-6EB9-40AA-A527-3AD43F570FAA}.Debug|ARM64.Build.0 = Debug|ARM64
		{9BDB3A58-6EB9-40AA-A527-3AD43F570FAA}.Debug|x64.ActiveCfg = Debug|x64
		{9BDB3A58-6EB9-40AA-A527-3AD43F570FAA}.Debug|x64.Build.0 = Debug|x64
		{9BDB3A58-6EB9-40AA-A527-3AD43F570FAA}.Debug|x86.ActiveCfg = Debug|x86
		{9BDB3A58-6EB9-40AA-A527-3AD43F570FAA}.Debug|x86.Build.0 = Debug|x86
		{9BDB3A58-6EB9-40AA-A527-3AD43F570FAA}.Release|Any CPU.ActiveCfg = Release|Any CPU
		{9BDB3A58-6EB9-40AA-A527-3AD43F570FAA}.Release|Any CPU.Build.0 = Release|Any CPU
		{9BDB3A58-6EB9-40AA-A527-3AD43F570FAA}.Release|ARM.ActiveCfg = Release|ARM
		{9BDB3A58-6EB9-40AA-A527-3AD43F570FAA}.Release|ARM.Build.0 = Release|ARM
		{9BDB3A58-6EB9-40AA-A527-3AD43F570FAA}.Release|ARM64.ActiveCfg = Release|ARM64
		{9BDB3A58-6EB9-40AA-A527-3AD43F570FAA}.Release|ARM64.Build.0 = Release|ARM64
		{9BDB3A58-6EB9-40AA-A527-3AD43F570FAA}.Release|x64.ActiveCfg = Release|x64
		{9BDB3A58-6EB9-40AA-A527-3AD43F570FAA}.Release|x64.Build.0 = Release|x64
		{9BDB3A58-6EB9-40AA-A527-3AD43F570FAA}.Release|x86.ActiveCfg = Release|x86
		{9BDB3A58-6EB9-40AA-A527-3AD43F570FAA}.Release|x86.Build.0 = Release|x86
	EndGlobalSection
	GlobalSection(SolutionProperties) = preSolution
		HideSolutionNode = FALSE
	EndGlobalSection
	GlobalSection(ExtensibilityGlobals) = postSolution
		SolutionGuid = {AD5969EE-6F52-466C-AFE9-4021C22008E0}
	EndGlobalSection
EndGlobal
